
Microsoft Visual Studio Solution File, Format Version 12.00
# Visual Studio Version 17
VisualStudioVersion = 17.2.32630.192
MinimumVisualStudioVersion = 10.0.40219.1
Project("{FAE04EC0-301F-11D3-BF4B-00C04F79EFBC}") = "MovieTutorial.Web", "MovieTutorial\MovieTutorial.Web\MovieTutorial.Web.csproj", "{2770F101-986C-422F-A30D-8A0403A23947}"
EndProject
Global
	GlobalSection(SolutionConfigurationPlatforms) = preSolution
		Debug|Any CPU = Debug|Any CPU
		Release|Any CPU = Release|Any CPU
	EndGlobalSection
	GlobalSection(ProjectConfigurationPlatforms) = postSolution
		{2770F101-986C-422F-A30D-8A0403A23947}.Debug|Any CPU.ActiveCfg = Debug|Any CPU
		{2770F101-986C-422F-A30D-8A0403A23947}.Debug|Any CPU.Build.0 = Debug|Any CPU
		{2770F101-986C-422F-A30D-8A0403A23947}.Release|Any CPU.ActiveCfg = Release|Any CPU
		{2770F101-986C-422F-A30D-8A0403A23947}.Release|Any CPU.Build.0 = Release|Any CPU
	EndGlobalSection
	GlobalSection(SolutionProperties) = preSolution
		HideSolutionNode = FALSE
	EndGlobalSection
	GlobalSection(ExtensibilityGlobals) = postSolution
		SolutionGuid = {1DDBAD66-B635-473C-B695-2DD18475E160}
	EndGlobalSection
EndGlobal
